
Microsoft Visual Studio Solution File, Format Version 12.00
# Visual Studio Version 17
VisualStudioVersion = 17.14.36414.22 d17.14
MinimumVisualStudioVersion = 10.0.40219.1
Project("{FAE04EC0-301F-11D3-BF4B-00C04F79EFBC}") = "Witcherarena2.0", "Witcherarena2.0\Witcherarena2.0.csproj", "{F5C36309-C17C-421A-AB19-D0A8FE37D294}"
EndProject
Global
	GlobalSection(SolutionConfigurationPlatforms) = preSolution
		Debug|Any CPU = Debug|Any CPU
		Release|Any CPU = Release|Any CPU
	EndGlobalSection
	GlobalSection(ProjectConfigurationPlatforms) = postSolution
		{F5C36309-C17C-421A-AB19-D0A8FE37D294}.Debug|Any CPU.ActiveCfg = Debug|Any CPU
		{F5C36309-C17C-421A-AB19-D0A8FE37D294}.Debug|Any CPU.Build.0 = Debug|Any CPU
		{F5C36309-C17C-421A-AB19-D0A8FE37D294}.Release|Any CPU.ActiveCfg = Release|Any CPU
		{F5C36309-C17C-421A-AB19-D0A8FE37D294}.Release|Any CPU.Build.0 = Release|Any CPU
	EndGlobalSection
	GlobalSection(SolutionProperties) = preSolution
		HideSolutionNode = FALSE
	EndGlobalSection
	GlobalSection(ExtensibilityGlobals) = postSolution
		SolutionGuid = {130CFF2F-FBF5-4472-B95C-64A1FABA6051}
	EndGlobalSection
EndGlobal
